
Microsoft Visual Studio Solution File, Format Version 12.00
# Visual Studio Version 17
VisualStudioVersion = 17.2.32616.157
MinimumVisualStudioVersion = 10.0.40219.1
Project("{FAE04EC0-301F-11D3-BF4B-00C04F79EFBC}") = "SistemaProfissionais.Tests", "SistemaProfissionais.Tests\SistemaProfissionais.Tests.csproj", "{F5AB9844-79AA-4D3D-ACFD-E962F4793941}"
EndProject
Global
	GlobalSection(SolutionConfigurationPlatforms) = preSolution
		Debug|Any CPU = Debug|Any CPU
		Release|Any CPU = Release|Any CPU
	EndGlobalSection
	GlobalSection(ProjectConfigurationPlatforms) = postSolution
		{F5AB9844-79AA-4D3D-ACFD-E962F4793941}.Debug|Any CPU.ActiveCfg = Debug|Any CPU
		{F5AB9844-79AA-4D3D-ACFD-E962F4793941}.Debug|Any CPU.Build.0 = Debug|Any CPU
		{F5AB9844-79AA-4D3D-ACFD-E962F4793941}.Release|Any CPU.ActiveCfg = Release|Any CPU
		{F5AB9844-79AA-4D3D-ACFD-E962F4793941}.Release|Any CPU.Build.0 = Release|Any CPU
	EndGlobalSection
	GlobalSection(SolutionProperties) = preSolution
		HideSolutionNode = FALSE
	EndGlobalSection
	GlobalSection(ExtensibilityGlobals) = postSolution
		SolutionGuid = {C06273F2-1D03-4D78-BFE7-5C9E2681DD42}
	EndGlobalSection
EndGlobal
